
Microsoft Visual Studio Solution File, Format Version 12.00
# Visual Studio Version 17
VisualStudioVersion = 17.5.2.0
MinimumVisualStudioVersion = 10.0.40219.1
Project("{FAE04EC0-301F-11D3-BF4B-00C04F79EFBC}") = "01", "01\01.csproj", "{93BD4B68-47D1-BA1D-7238-E864E45A2CBE}"
EndProject
Project("{FAE04EC0-301F-11D3-BF4B-00C04F79EFBC}") = "02", "02\02.csproj", "{C8CFFE79-C13A-47E4-8E0B-7CF9886EECE5}"
EndProject
Project("{FAE04EC0-301F-11D3-BF4B-00C04F79EFBC}") = "03", "03\03.csproj", "{0ED5A169-0636-4EAD-98D3-9A91703DA59A}"
EndProject
Project("{FAE04EC0-301F-11D3-BF4B-00C04F79EFBC}") = "04", "04\04.csproj", "{4222E6B8-4499-493E-A116-23EC7B0187A6}"
EndProject
Global
	GlobalSection(SolutionConfigurationPlatforms) = preSolution
		Debug|Any CPU = Debug|Any CPU
		Debug|x64 = Debug|x64
		Debug|x86 = Debug|x86
		Release|Any CPU = Release|Any CPU
		Release|x64 = Release|x64
		Release|x86 = Release|x86
	EndGlobalSection
	GlobalSection(ProjectConfigurationPlatforms) = postSolution
		{93BD4B68-47D1-BA1D-7238-E864E45A2CBE}.Debug|Any CPU.ActiveCfg = Debug|Any CPU
		{93BD4B68-47D1-BA1D-7238-E864E45A2CBE}.Debug|Any CPU.Build.0 = Debug|Any CPU
		{93BD4B68-47D1-BA1D-7238-E864E45A2CBE}.Debug|x64.ActiveCfg = Debug|Any CPU
		{93BD4B68-47D1-BA1D-7238-E864E45A2CBE}.Debug|x64.Build.0 = Debug|Any CPU
		{93BD4B68-47D1-BA1D-7238-E864E45A2CBE}.Debug|x86.ActiveCfg = Debug|Any CPU
		{93BD4B68-47D1-BA1D-7238-E864E45A2CBE}.Debug|x86.Build.0 = Debug|Any CPU
		{93BD4B68-47D1-BA1D-7238-E864E45A2CBE}.Release|Any CPU.ActiveCfg = Release|Any CPU
		{93BD4B68-47D1-BA1D-7238-E864E45A2CBE}.Release|Any CPU.Build.0 = Release|Any CPU
		{93BD4B68-47D1-BA1D-7238-E864E45A2CBE}.Release|x64.ActiveCfg = Release|Any CPU
		{93BD4B68-47D1-BA1D-7238-E864E45A2CBE}.Release|x64.Build.0 = Release|Any CPU
		{93BD4B68-47D1-BA1D-7238-E864E45A2CBE}.Release|x86.ActiveCfg = Release|Any CPU
		{93BD4B68-47D1-BA1D-7238-E864E45A2CBE}.Release|x86.Build.0 = Release|Any CPU
		{C8CFFE79-C13A-47E4-8E0B-7CF9886EECE5}.Debug|Any CPU.ActiveCfg = Debug|Any CPU
		{C8CFFE79-C13A-47E4-8E0B-7CF9886EECE5}.Debug|Any CPU.Build.0 = Debug|Any CPU
		{C8CFFE79-C13A-47E4-8E0B-7CF9886EECE5}.Debug|x64.ActiveCfg = Debug|Any CPU
		{C8CFFE79-C13A-47E4-8E0B-7CF9886EECE5}.Debug|x64.Build.0 = Debug|Any CPU
		{C8CFFE79-C13A-47E4-8E0B-7CF9886EECE5}.Debug|x86.ActiveCfg = Debug|Any CPU
		{C8CFFE79-C13A-47E4-8E0B-7CF9886EECE5}.Debug|x86.Build.0 = Debug|Any CPU
		{C8CFFE79-C13A-47E4-8E0B-7CF9886EECE5}.Release|Any CPU.ActiveCfg = Release|Any CPU
		{C8CFFE79-C13A-47E4-8E0B-7CF9886EECE5}.Release|Any CPU.Build.0 = Release|Any CPU
		{C8CFFE79-C13A-47E4-8E0B-7CF9886EECE5}.Release|x64.ActiveCfg = Release|Any CPU
		{C8CFFE79-C13A-47E4-8E0B-7CF9886EECE5}.Release|x64.Build.0 = Release|Any CPU
		{C8CFFE79-C13A-47E4-8E0B-7CF9886EECE5}.Release|x86.ActiveCfg = Release|Any CPU
		{C8CFFE79-C13A-47E4-8E0B-7CF9886EECE5}.Release|x86.Build.0 = Release|Any CPU
		{0ED5A169-0636-4EAD-98D3-9A91703DA59A}.Debug|Any CPU.ActiveCfg = Debug|Any CPU
		{0ED5A169-0636-4EAD-98D3-9A91703DA59A}.Debug|Any CPU.Build.0 = Debug|Any CPU
		{0ED5A169-0636-4EAD-98D3-9A91703DA59A}.Debug|x64.ActiveCfg = Debug|Any CPU
		{0ED5A169-0636-4EAD-98D3-9A91703DA59A}.Debug|x64.Build.0 = Debug|Any CPU
		{0ED5A169-0636-4EAD-98D3-9A91703DA59A}.Debug|x86.ActiveCfg = Debug|Any CPU
		{0ED5A169-0636-4EAD-98D3-9A91703DA59A}.Debug|x86.Build.0 = Debug|Any CPU
		{0ED5A169-0636-4EAD-98D3-9A91703DA59A}.Release|Any CPU.ActiveCfg = Release|Any CPU
		{0ED5A169-0636-4EAD-98D3-9A91703DA59A}.Release|Any CPU.Build.0 = Release|Any CPU
		{0ED5A169-0636-4EAD-98D3-9A91703DA59A}.Release|x64.ActiveCfg = Release|Any CPU
		{0ED5A169-0636-4EAD-98D3-9A91703DA59A}.Release|x64.Build.0 = Release|Any CPU
		{0ED5A169-0636-4EAD-98D3-9A91703DA59A}.Release|x86.ActiveCfg = Release|Any CPU
		{0ED5A169-0636-4EAD-98D3-9A91703DA59A}.Release|x86.Build.0 = Release|Any CPU
		{4222E6B8-4499-493E-A116-23EC7B0187A6}.Debug|Any CPU.ActiveCfg = Debug|Any CPU
		{4222E6B8-4499-493E-A116-23EC7B0187A6}.Debug|Any CPU.Build.0 = Debug|Any CPU
		{4222E6B8-4499-493E-A116-23EC7B0187A6}.Debug|x64.ActiveCfg = Debug|Any CPU
		{4222E6B8-4499-493E-A116-23EC7B0187A6}.Debug|x64.Build.0 = Debug|Any CPU
		{4222E6B8-4499-493E-A116-23EC7B0187A6}.Debug|x86.ActiveCfg = Debug|Any CPU
		{4222E6B8-4499-493E-A116-23EC7B0187A6}.Debug|x86.Build.0 = Debug|Any CPU
		{4222E6B8-4499-493E-A116-23EC7B0187A6}.Release|Any CPU.ActiveCfg = Release|Any CPU
		{4222E6B8-4499-493E-A116-23EC7B0187A6}.Release|Any CPU.Build.0 = Release|Any CPU
		{4222E6B8-4499-493E-A116-23EC7B0187A6}.Release|x64.ActiveCfg = Release|Any CPU
		{4222E6B8-4499-493E-A116-23EC7B0187A6}.Release|x64.Build.0 = Release|Any CPU
		{4222E6B8-4499-493E-A116-23EC7B0187A6}.Release|x86.ActiveCfg = Release|Any CPU
		{4222E6B8-4499-493E-A116-23EC7B0187A6}.Release|x86.Build.0 = Release|Any CPU
	EndGlobalSection
	GlobalSection(SolutionProperties) = preSolution
		HideSolutionNode = FALSE
	EndGlobalSection
	GlobalSection(ExtensibilityGlobals) = postSolution
		SolutionGuid = {DF7CF90F-E9E0-4906-9CA0-A49CEC0EDF8C}
	EndGlobalSection
EndGlobal
